
Microsoft Visual Studio Solution File, Format Version 12.00
# Visual Studio Version 17
VisualStudioVersion = 17.5.33414.496
MinimumVisualStudioVersion = 10.0.40219.1
Project("{FAE04EC0-301F-11D3-BF4B-00C04F79EFBC}") = "TccRestaurante", "TccRestaurante.csproj", "{9C5DBC88-D7BA-4FC6-9B0E-FB8E35DDDA95}"
EndProject
Global
	GlobalSection(SolutionConfigurationPlatforms) = preSolution
		Debug|Any CPU = Debug|Any CPU
		Release|Any CPU = Release|Any CPU
	EndGlobalSection
	GlobalSection(ProjectConfigurationPlatforms) = postSolution
		{9C5DBC88-D7BA-4FC6-9B0E-FB8E35DDDA95}.Debug|Any CPU.ActiveCfg = Debug|Any CPU
		{9C5DBC88-D7BA-4FC6-9B0E-FB8E35DDDA95}.Debug|Any CPU.Build.0 = Debug|Any CPU
		{9C5DBC88-D7BA-4FC6-9B0E-FB8E35DDDA95}.Release|Any CPU.ActiveCfg = Release|Any CPU
		{9C5DBC88-D7BA-4FC6-9B0E-FB8E35DDDA95}.Release|Any CPU.Build.0 = Release|Any CPU
	EndGlobalSection
	GlobalSection(SolutionProperties) = preSolution
		HideSolutionNode = FALSE
	EndGlobalSection
	GlobalSection(ExtensibilityGlobals) = postSolution
		SolutionGuid = {CC3DFE10-49DC-4E56-960D-70F3BB7643C7}
	EndGlobalSection
EndGlobal
